
Microsoft Visual Studio Solution File, Format Version 12.00
# Visual Studio 15
VisualStudioVersion = 15.0.25928.0
MinimumVisualStudioVersion = 10.0.40219.1
Project("{C7C4514D-2C6D-4A41-92F1-507E0444322B}") = "xUnitTestCodeSnippets", "xUnitTestCodeSnippets.csproj", "{6E4F1106-5A8C-4122-A0AE-1C859109D5C8}"
EndProject
Global
	GlobalSection(SolutionConfigurationPlatforms) = preSolution
		Debug|Any CPU = Debug|Any CPU
		Release|Any CPU = Release|Any CPU
	EndGlobalSection
	GlobalSection(ProjectConfigurationPlatforms) = postSolution
		{6E4F1106-5A8C-4122-A0AE-1C859109D5C8}.Debug|Any CPU.ActiveCfg = Debug|Any CPU
		{6E4F1106-5A8C-4122-A0AE-1C859109D5C8}.Debug|Any CPU.Build.0 = Debug|Any CPU
		{6E4F1106-5A8C-4122-A0AE-1C859109D5C8}.Release|Any CPU.ActiveCfg = Release|Any CPU
		{6E4F1106-5A8C-4122-A0AE-1C859109D5C8}.Release|Any CPU.Build.0 = Release|Any CPU
	EndGlobalSection
	GlobalSection(SolutionProperties) = preSolution
		HideSolutionNode = FALSE
	EndGlobalSection
EndGlobal
